PODS:
  - CocoaLumberjack (3.3.0):
    - CocoaLumberjack/Default (= 3.3.0)
    - CocoaLumberjack/Extensions (= 3.3.0)
  - CocoaLumberjack/Default (3.3.0)
  - CocoaLumberjack/Extensions (3.3.0):
    - CocoaLumberjack/Default
  - MozillaTelemetry (1.0.10)
  - pop (1.0.10)
  - PopupDialog (0.6.2)

DEPENDENCIES:
  - CocoaLumberjack
  - MozillaTelemetry (from `https://github.com/mozilla-mobile/telemetry-ios.git`, branch `master`)
  - pop
  - PopupDialog

EXTERNAL SOURCES:
  MozillaTelemetry:
    :branch: master
    :git: https://github.com/mozilla-mobile/telemetry-ios.git

CHECKOUT OPTIONS:
  MozillaTelemetry:
    :commit: 0b753b8c6a9748423395f9b30403c0d72ef5c852
    :git: https://github.com/mozilla-mobile/telemetry-ios.git

SPEC CHECKSUMS:
  CocoaLumberjack: 3c8c74683302f9012bb168e1c4b7ae3c0b558431
  MozillaTelemetry: 5154e88588516c0f047108817fdd85b312e69c7e
  pop: 82ca6b068ce9278fd350fd9dd09482a0ce9492e6
  PopupDialog: d4336d7274a6aa3af4cb26d8b6691510eba90cc3

PODFILE CHECKSUM: c99d3898f172ba5c7c6f86bcfe5dee2dad04052b

COCOAPODS: 1.4.0
