PODS:
  - CocoaLumberjack (3.4.2):
    - CocoaLumberjack/Default (= 3.4.2)
    - CocoaLumberjack/Extensions (= 3.4.2)
  - CocoaLumberjack/Default (3.4.2)
  - CocoaLumberjack/Extensions (3.4.2):
    - CocoaLumberjack/Default
  - DynamicBlurView (2.0.2)
  - FontAwesomeKit (2.2.1):
    - FontAwesomeKit/Core (= 2.2.1)
    - FontAwesomeKit/FontAwesome (= 2.2.1)
    - FontAwesomeKit/FoundationIcons (= 2.2.1)
    - FontAwesomeKit/IonIcons (= 2.2.1)
    - FontAwesomeKit/Material (= 2.2.1)
    - FontAwesomeKit/Octicons (= 2.2.1)
    - FontAwesomeKit/Zocial (= 2.2.1)
  - FontAwesomeKit/Core (2.2.1)
  - FontAwesomeKit/FontAwesome (2.2.1):
    - FontAwesomeKit/Core
  - FontAwesomeKit/FoundationIcons (2.2.1):
    - FontAwesomeKit/Core
  - FontAwesomeKit/IonIcons (2.2.1):
    - FontAwesomeKit/Core
  - FontAwesomeKit/Material (2.2.1):
    - FontAwesomeKit/Core
  - FontAwesomeKit/Octicons (2.2.1):
    - FontAwesomeKit/Core
  - FontAwesomeKit/Zocial (2.2.1):
    - FontAwesomeKit/Core
  - MozillaTelemetry (1.1.0)
  - pop (1.0.10)
  - PopupDialog (0.8.1):
    - DynamicBlurView (~> 2.0)

DEPENDENCIES:
  - CocoaLumberjack
  - FontAwesomeKit
  - MozillaTelemetry (from `https://github.com/mozilla-mobile/telemetry-ios.git`, branch `master`)
  - pop
  - PopupDialog

EXTERNAL SOURCES:
  MozillaTelemetry:
    :branch: master
    :git: https://github.com/mozilla-mobile/telemetry-ios.git

CHECKOUT OPTIONS:
  MozillaTelemetry:
    :commit: aac1e1873134ea69f992e3bbc45b431d6564d64c
    :git: https://github.com/mozilla-mobile/telemetry-ios.git

SPEC CHECKSUMS:
  CocoaLumberjack: db7cc9e464771f12054c22ff6947c5a58d43a0fd
  DynamicBlurView: aa6db4defc6e537eb86fc5e58dd3991666178399
  FontAwesomeKit: 3614979b3dbb0ec3f7fac1bd760b91f66c31db67
  MozillaTelemetry: 09a819bd9cc9685c33a1e5fbe846423e770fd5c0
  pop: 82ca6b068ce9278fd350fd9dd09482a0ce9492e6
  PopupDialog: 3d4e8e0795c3a614f407d730986c9b9af9781123

PODFILE CHECKSUM: 96f8cdd440fa65b1ff249cafa4ed837240cf8658

COCOAPODS: 1.4.0
